# This file is automatically @generated by Cargo.
# It is not intended for manual editing.
version = 4

[[package]]
name = "libdns"
version = "0.1.0"
dependencies = [
 "libsyscall",
]

[[package]]
name = "libheap"
version = "0.1.0"

[[package]]
name = "libhttp"
version = "0.1.0"
dependencies = [
 "libdns",
 "libheap",
 "libsyscall",
 "libtls",
]

[[package]]
name = "libsyscall"
version = "0.1.0"

[[package]]
name = "libtls"
version = "0.1.0"
