# This file is automatically @generated by Cargo.
# It is not intended for manual editing.
version = 4

[[package]]
name = "ac"
version = "0.1.0"
dependencies = [
 "anyos_std",
]

[[package]]
name = "acargo"
version = "0.1.0"
dependencies = [
 "anyos_std",
 "anyrc",
 "dynlink",
 "libhttp_client",
 "libzip_client",
]

[[package]]
name = "addgroup"
version = "0.1.0"
dependencies = [
 "anyos_std",
]

[[package]]
name = "adduser"
version = "0.1.0"
dependencies = [
 "anyos_std",
]

[[package]]
name = "aead"
version = "0.5.2"
source = "registry+https://github.com/rust-lang/crates.io-index"
checksum = "d122413f284cf2d62fb1b7db97e02edb8cda96d769b16e443a4f6195e35662b0"
dependencies = [
 "crypto-common",
 "generic-array",
]

[[package]]
name = "agit"
version = "0.1.0"
dependencies = [
 "anyos_std",
 "libgit",
 "libstd",
]

[[package]]
name = "ahash"
version = "0.8.12"
source = "registry+https://github.com/rust-lang/crates.io-index"
checksum = "5a15f179cd60c4584b8a8c596927aadc462e27f2ca70c04e0071964a73ba7a75"
dependencies = [
 "cfg-if",
 "once_cell",
 "version_check",
 "zerocopy",
]

[[package]]
name = "ami"
version = "0.1.0"
dependencies = [
 "anyos_std",
 "libami",
]

[[package]]
name = "amiconsole"
version = "0.1.0"
dependencies = [
 "anyos_std",
 "dynlink",
 "libami",
 "libanyui_client",
]

[[package]]
name = "amid"
version = "0.1.0"
dependencies = [
 "anyos_std",
 "libdb_client",
]

[[package]]
name = "anybench"
version = "1.0.0"
dependencies = [
 "anyos_std",
 "dynlink",
 "libanyui_client",
 "libgl_client",
]

[[package]]
name = "anybout"
version = "0.1.0"
dependencies = [
 "anyos_std",
 "dynlink",
 "libanyui_client",
]

[[package]]
name = "anycode"
version = "0.1.0"
dependencies = [
 "anyos_std",
 "dynlink",
 "libanyui_client",
 "libconf_schema",
 "libhttp_client",
]

[[package]]
name = "anymail"
version = "0.1.0"
dependencies = [
 "anyos_std",
 "libanyui_client",
 "libconf_schema",
 "libdb_client",
 "libimage_client",
 "libtls",
 "libwebview",
]

[[package]]
name = "anyos_kernel"
version = "0.1.0"
dependencies = [
 "bincode",
 "corefs-core",
 "corefs-fuse-proto",
 "serde",
]

[[package]]
name = "anyos_std"
version = "0.1.0"
dependencies = [
 "libheap",
]

[[package]]
name = "anyrc"
version = "0.1.0"
dependencies = [
 "anyos_std",
]

[[package]]
name = "anyrc-cli"
version = "0.1.0"
dependencies = [
 "anyos_std",
 "anyrc",
]

[[package]]
name = "anytrace"
version = "0.1.0"
dependencies = [
 "anyos_std",
 "dynlink",
 "libanyui_client",
]

[[package]]
name = "anyzilla"
version = "1.0.0"
dependencies = [
 "anyos_std",
 "libanyui_client",
 "libconf_schema",
]

[[package]]
name = "apkg"
version = "0.1.0"
dependencies = [
 "anyos_std",
 "dynlink",
 "libhttp_client",
 "libzip_client",
]

[[package]]
name = "arp"
version = "0.1.0"
dependencies = [
 "anyos_std",
]

[[package]]
name = "aslctl"
version = "0.1.0"
dependencies = [
 "anyos_std",
]

[[package]]
name = "asld"
version = "0.1.0"
dependencies = [
 "anyos_std",
 "libavm",
 "libconf",
 "libconf_schema",
 "libsvc",
]

[[package]]
name = "audiomon"
version = "0.1.0"
dependencies = [
 "anyos_std",
 "dynlink",
 "libcompositor_client",
 "libfont_client",
 "librender_client",
]

[[package]]
name = "awk"
version = "0.1.0"
dependencies = [
 "anyos_std",
]

[[package]]
name = "aws-lc-rs"
version = "1.16.2"
source = "registry+https://github.com/rust-lang/crates.io-index"
checksum = "a054912289d18629dc78375ba2c3726a3afe3ff71b4edba9dedfca0e3446d1fc"
dependencies = [
 "aws-lc-sys",
 "zeroize",
]

[[package]]
name = "aws-lc-sys"
version = "0.39.1"
source = "registry+https://github.com/rust-lang/crates.io-index"
checksum = "83a25cf98105baa966497416dbd42565ce3a8cf8dbfd59803ec9ad46f3126399"
dependencies = [
 "cc",
 "cmake",
 "dunce",
 "fs_extra",
]

[[package]]
name = "backuprestore"
version = "0.1.0"
dependencies = [
 "anyos_std",
 "dynlink",
 "libanyui_client",
 "libconf_schema",
 "libdb_client",
 "libzip_client",
]

[[package]]
name = "banner"
version = "0.1.0"
dependencies = [
 "anyos_std",
]

[[package]]
name = "base64"
version = "0.1.0"
dependencies = [
 "anyos_std",
]

[[package]]
name = "base64"
version = "0.22.1"
source = "registry+https://github.com/rust-lang/crates.io-index"
checksum = "72b3254f16251a8381aa12e40e3c4d2f0199f8c6508fbecb9d91f575e0fbb8c6"

[[package]]
name = "bcedit"
version = "0.1.0"
dependencies = [
 "anyos_std",
]

[[package]]
name = "bincode"
version = "2.0.1"
source = "registry+https://github.com/rust-lang/crates.io-index"
checksum = "36eaf5d7b090263e8150820482d5d93cd964a81e4019913c972f4edcc6edb740"
dependencies = [
 "serde",
 "unty",
]

[[package]]
name = "button_demo"
version = "0.1.0"
dependencies = [
 "anyos_std",
 "dynlink",
 "libanyui_client",
]

[[package]]
name = "cal"
version = "0.1.0"
dependencies = [
 "anyos_std",
]

[[package]]
name = "calc"
version = "0.1.0"
dependencies = [
 "anyos_std",
 "dynlink",
 "libanyui_client",
]

[[package]]
name = "cat"
version = "0.1.0"
dependencies = [
 "anyos_std",
]

[[package]]
name = "cc"
version = "1.2.59"
source = "registry+https://github.com/rust-lang/crates.io-index"
checksum = "b7a4d3ec6524d28a329fc53654bbadc9bdd7b0431f5d65f1a56ffb28a1ee5283"
dependencies = [
 "find-msvc-tools",
 "jobserver",
 "libc",
 "shlex",
]

[[package]]
name = "cfg-if"
version = "1.0.4"
source = "registry+https://github.com/rust-lang/crates.io-index"
checksum = "9330f8b2ff13f34540b44e946ef35111825727b38d33286ef986142615121801"

[[package]]
name = "chacha20"
version = "0.9.1"
source = "registry+https://github.com/rust-lang/crates.io-index"
checksum = "c3613f74bd2eac03dad61bd53dbe620703d4371614fe0bc3b9f04dd36fe4e818"
dependencies = [
 "cfg-if",
 "cipher",
 "cpufeatures",
]

[[package]]
name = "chacha20poly1305"
version = "0.10.1"
source = "registry+https://github.com/rust-lang/crates.io-index"
checksum = "10cd79432192d1c0f4e1a0fef9527696cc039165d729fb41b3f4f4f354c2dc35"
dependencies = [
 "aead",
 "chacha20",
 "cipher",
 "poly1305",
 "zeroize",
]

[[package]]
name = "chmod"
version = "0.1.0"
dependencies = [
 "anyos_std",
]

[[package]]
name = "chown"
version = "0.1.0"
dependencies = [
 "anyos_std",
]

[[package]]
name = "cipher"
version = "0.4.4"
source = "registry+https://github.com/rust-lang/crates.io-index"
checksum = "773f3b9af64447d2ce9850330c473515014aa235e6a783b02db81ff39e4a3dad"
dependencies = [
 "crypto-common",
 "inout",
 "zeroize",
]

[[package]]
name = "clear"
version = "0.1.0"
dependencies = [
 "anyos_std",
]

[[package]]
name = "clipman"
version = "0.1.0"
dependencies = [
 "anyos_std",
 "dynlink",
 "libanyui_client",
]

[[package]]
name = "clock"
version = "0.1.0"
dependencies = [
 "anyos_std",
 "dynlink",
 "libanyui_client",
]

[[package]]
name = "cmake"
version = "0.1.58"
source = "registry+https://github.com/rust-lang/crates.io-index"
checksum = "c0f78a02292a74a88ac736019ab962ece0bc380e3f977bf72e376c5d78ff0678"
dependencies = [
 "cc",
]

[[package]]
name = "compositor"
version = "0.1.0"
dependencies = [
 "anyos_std",
 "libami",
 "libconf",
 "libconf_schema",
 "libfont_client",
 "libimage_client",
 "librender_client",
]

[[package]]
name = "confd"
version = "0.1.0"
dependencies = [
 "anyos_std",
 "libdb_client",
 "libsvc",
]

[[package]]
name = "configexplorer"
version = "0.1.0"
dependencies = [
 "anyos_std",
 "dynlink",
 "libanyui_client",
 "libconf",
]

[[package]]
name = "corefs-core"
version = "0.1.19"
dependencies = [
 "bincode",
 "chacha20poly1305",
 "hashbrown",
 "serde",
]

[[package]]
name = "corefs-defrag"
version = "0.1.0"
dependencies = [
 "anyos_std",
 "corefs-core",
 "libcorefs-tools",
]

[[package]]
name = "corefs-dump"
version = "0.1.0"
dependencies = [
 "anyos_std",
 "corefs-core",
 "libcorefs-tools",
]

[[package]]
name = "corefs-fuse-adapter"
version = "0.1.19"
dependencies = [
 "corefs-core",
 "corefs-fuse-proto",
 "serde",
]

[[package]]
name = "corefs-fuse-proto"
version = "0.1.19"
dependencies = [
 "bincode",
 "serde",
]

[[package]]
name = "corefs-resize"
version = "0.1.0"
dependencies = [
 "anyos_std",
 "corefs-core",
 "libcorefs-tools",
]

[[package]]
name = "corefs-scrub"
version = "0.1.0"
dependencies = [
 "anyos_std",
 "corefs-core",
 "libcorefs-tools",
]

[[package]]
name = "corefs-snapshot"
version = "0.1.0"
dependencies = [
 "anyos_std",
 "corefs-core",
 "libcorefs-tools",
]

[[package]]
name = "corefs-tier"
version = "0.1.0"
dependencies = [
 "anyos_std",
 "corefs-core",
 "libcorefs-tools",
]

[[package]]
name = "corefsd"
version = "0.1.0"
dependencies = [
 "anyos_std",
 "bincode",
 "corefs-core",
 "corefs-fuse-adapter",
 "corefs-fuse-proto",
 "libcorefs-tools",
]

[[package]]
name = "cp"
version = "0.1.0"
dependencies = [
 "anyos_std",
]

[[package]]
name = "cpufeatures"
version = "0.2.17"
source = "registry+https://github.com/rust-lang/crates.io-index"
checksum = "59ed5838eebb26a2bb2e58f6d5b5316989ae9d08bab10e0e6d103e656d1b0280"
dependencies = [
 "libc",
]

[[package]]
name = "crond"
version = "0.1.0"
dependencies = [
 "anyos_std",
 "libconf",
 "libconf_schema",
 "libsvc",
]

[[package]]
name = "crontab"
version = "0.1.0"
dependencies = [
 "anyos_std",
 "libconf",
]

[[package]]
name = "crypto-common"
version = "0.1.7"
source = "registry+https://github.com/rust-lang/crates.io-index"
checksum = "78c8292055d1c1df0cce5d180393dc8cce0abec0a7102adb6c7b1eef6016d60a"
dependencies = [
 "generic-array",
 "typenum",
]

[[package]]
name = "date"
version = "0.1.0"
dependencies = [
 "anyos_std",
]

[[package]]
name = "dba"
version = "0.1.0"
dependencies = [
 "anyos_std",
 "libdb_client",
]

[[package]]
name = "dcpdump"
version = "0.1.0"
dependencies = [
 "anyos_std",
]

[[package]]
name = "dd"
version = "0.1.0"
dependencies = [
 "anyos_std",
]

[[package]]
name = "delgroup"
version = "0.1.0"
dependencies = [
 "anyos_std",
]

[[package]]
name = "deluser"
version = "0.1.0"
dependencies = [
 "anyos_std",
]

[[package]]
name = "demo_anyui"
version = "0.1.0"
dependencies = [
 "anyos_std",
 "dynlink",
 "libanyui_client",
]

[[package]]
name = "deranged"
version = "0.5.8"
source = "registry+https://github.com/rust-lang/crates.io-index"
checksum = "7cd812cc2bc1d69d4764bd80df88b4317eaef9e773c75226407d9bc0876b211c"
dependencies = [
 "powerfmt",
]

[[package]]
name = "devlist"
version = "0.1.0"
dependencies = [
 "anyos_std",
]

[[package]]
name = "df"
version = "0.1.0"
dependencies = [
 "anyos_std",
]

[[package]]
name = "dhcp"
version = "0.1.0"
dependencies = [
 "anyos_std",
]

[[package]]
name = "diagnostics"
version = "0.1.0"
dependencies = [
 "anyos_std",
 "dynlink",
 "libanyui_client",
]

[[package]]
name = "diff"
version = "0.1.0"
dependencies = [
 "anyos_std",
 "dynlink",
 "libanyui_client",
]

[[package]]
name = "diskusage"
version = "0.1.0"
dependencies = [
 "anyos_std",
 "dynlink",
 "libanyui_client",
]

[[package]]
name = "diskutil"
version = "0.1.0"
dependencies = [
 "anyos_std",
 "dynlink",
 "libanyui_client",
]

[[package]]
name = "dmesg"
version = "0.1.0"
dependencies = [
 "anyos_std",
]

[[package]]
name = "dns"
version = "0.1.0"
dependencies = [
 "anyos_std",
 "libdns",
]

[[package]]
name = "dnsd"
version = "0.1.0"
dependencies = [
 "anyos_std",
 "libconf_schema",
 "libsvc",
]

[[package]]
name = "du"
version = "0.1.0"
dependencies = [
 "anyos_std",
]

[[package]]
name = "dunce"
version = "1.0.5"
source = "registry+https://github.com/rust-lang/crates.io-index"
checksum = "92773504d58c093f6de2459af4af33faa518c13451eb8f2b5698ed3d36e7c813"

[[package]]
name = "dynlink"
version = "0.1.0"
dependencies = [
 "anyos_std",
]

[[package]]
name = "echo"
version = "0.1.0"
dependencies = [
 "anyos_std",
]

[[package]]
name = "echoserver"
version = "0.1.0"
dependencies = [
 "anyos_std",
]

[[package]]
name = "env"
version = "0.1.0"
dependencies = [
 "anyos_std",
]

[[package]]
name = "eventviewer"
version = "0.1.0"
dependencies = [
 "anyos_std",
 "libanyui_client",
]

[[package]]
name = "export"
version = "0.1.0"
dependencies = [
 "anyos_std",
]

[[package]]
name = "false_cmd"
version = "0.1.0"
dependencies = [
 "anyos_std",
]

[[package]]
name = "fdisk"
version = "0.1.0"
dependencies = [
 "anyos_std",
]

[[package]]
name = "file"
version = "0.1.0"
dependencies = [
 "anyos_std",
]

[[package]]
name = "find"
version = "0.1.0"
dependencies = [
 "anyos_std",
]

[[package]]
name = "find-msvc-tools"
version = "0.1.9"
source = "registry+https://github.com/rust-lang/crates.io-index"
checksum = "5baebc0774151f905a1a2cc41989300b1e6fbb29aff0ceffa1064fdd3088d582"

[[package]]
name = "finder"
version = "0.1.0"
dependencies = [
 "anyos_std",
 "libanyui_client",
 "libconf_schema",
 "libimage_client",
]

[[package]]
name = "fontviewer"
version = "0.1.0"
dependencies = [
 "anyos_std",
 "dynlink",
 "libanyui_client",
 "libfont_client",
]

[[package]]
name = "forger"
version = "0.1.0"
dependencies = [
 "anyos_std",
 "dynlink",
 "libanyui_client",
 "libconf_schema",
 "libgl_client",
 "libphysics_client",
]

[[package]]
name = "free"
version = "0.1.0"
dependencies = [
 "anyos_std",
]

[[package]]
name = "fs_extra"
version = "1.3.0"
source = "registry+https://github.com/rust-lang/crates.io-index"
checksum = "42703706b716c37f96a77aea830392ad231f44c9e9a67872fa5548707e11b11c"

[[package]]
name = "fsck_corefs"
version = "0.1.0"
dependencies = [
 "anyos_std",
 "corefs-core",
 "libcorefs-tools",
]

[[package]]
name = "ftp"
version = "0.1.0"
dependencies = [
 "anyos_std",
]

[[package]]
name = "ftp-settings"
version = "0.1.0"
dependencies = [
 "anyos_std",
 "dynlink",
 "libanyui_client",
 "libconf_schema",
]

[[package]]
name = "ftpd"
version = "0.1.0"
dependencies = [
 "anyos_std",
 "libconf_schema",
 "libsvc",
]

[[package]]
name = "fusedemo"
version = "0.1.0"
dependencies = [
 "anyos_std",
 "bincode",
 "corefs-fuse-adapter",
 "corefs-fuse-proto",
]

[[package]]
name = "generic-array"
version = "0.14.7"
source = "registry+https://github.com/rust-lang/crates.io-index"
checksum = "85649ca51fd72272d7821adaf274ad91c288277713d9c18820d8499a7ff69e9a"
dependencies = [
 "typenum",
 "version_check",
]

[[package]]
name = "getrandom"
version = "0.2.17"
source = "registry+https://github.com/rust-lang/crates.io-index"
checksum = "ff2abc00be7fca6ebc474524697ae276ad847ad0a6b3faa4bcb027e9a4614ad0"
dependencies = [
 "cfg-if",
 "libc",
 "wasi",
]

[[package]]
name = "getrandom"
version = "0.3.4"
source = "registry+https://github.com/rust-lang/crates.io-index"
checksum = "899def5c37c4fd7b2664648c28120ecec138e4d395b459e5ca34f9cce2dd77fd"
dependencies = [
 "cfg-if",
 "libc",
 "r-efi",
 "wasip2",
]

[[package]]
name = "gldemo"
version = "0.1.0"
dependencies = [
 "anyos_std",
 "dynlink",
 "libanyui_client",
 "libgl_client",
]

[[package]]
name = "grep"
version = "0.1.0"
dependencies = [
 "anyos_std",
]

[[package]]
name = "gzip"
version = "0.1.0"
dependencies = [
 "anyos_std",
 "dynlink",
 "libzip_client",
]

[[package]]
name = "hashbrown"
version = "0.14.5"
source = "registry+https://github.com/rust-lang/crates.io-index"
checksum = "e5274423e17b7c9fc20b6e7e208532f9b19825d82dfd615708b70edd83df41f1"
dependencies = [
 "ahash",
 "serde",
]

[[package]]
name = "head"
version = "0.1.0"
dependencies = [
 "anyos_std",
]

[[package]]
name = "hexdump"
version = "0.1.0"
dependencies = [
 "anyos_std",
]

[[package]]
name = "hostname"
version = "0.1.0"
dependencies = [
 "anyos_std",
]

[[package]]
name = "htop"
version = "0.1.0"
dependencies = [
 "anyos_std",
]

[[package]]
name = "httpd"
version = "0.1.0"
dependencies = [
 "anyos_std",
 "libconf",
 "libconf_schema",
 "libsvc",
]

[[package]]
name = "iconview"
version = "0.1.0"
dependencies = [
 "anyos_std",
 "dynlink",
 "libanyui_client",
]

[[package]]
name = "ifconfig"
version = "0.1.0"
dependencies = [
 "anyos_std",
]

[[package]]
name = "imgview"
version = "0.1.0"
dependencies = [
 "anyos_std",
 "dynlink",
 "libanyui_client",
 "libimage_client",
]

[[package]]
name = "init"
version = "0.1.0"
dependencies = [
 "anyos_std",
 "dynlink",
 "libami",
 "libanyui_client",
 "libimage_client",
 "libinstall",
]

[[package]]
name = "inout"
version = "0.1.4"
source = "registry+https://github.com/rust-lang/crates.io-index"
checksum = "879f10e63c20629ecabbb64a8010319738c66a5cd0c29b02d63d272b03751d01"
dependencies = [
 "generic-array",
]

[[package]]
name = "inputmon"
version = "0.1.0"
dependencies = [
 "anyos_std",
 "dynlink",
 "libcompositor_client",
 "libconf_schema",
 "libfont_client",
 "librender_client",
]

[[package]]
name = "install"
version = "0.1.0"
dependencies = [
 "anyos_std",
]

[[package]]
name = "installer"
version = "0.1.0"
dependencies = [
 "anyos_std",
 "dynlink",
 "libanyui_client",
 "libini_client",
 "libinstall",
 "libzip_client",
]

[[package]]
name = "jobserver"
version = "0.1.34"
source = "registry+https://github.com/rust-lang/crates.io-index"
checksum = "9afb3de4395d6b3e67a780b6de64b51c978ecf11cb9a462c66be7d4ca9039d33"
dependencies = [
 "getrandom 0.3.4",
 "libc",
]

[[package]]
name = "jp2a"
version = "0.1.0"
dependencies = [
 "anyos_std",
 "libimage_client",
]

[[package]]
name = "jscript"
version = "0.1.0"
dependencies = [
 "anyos_std",
 "libjs",
]

[[package]]
name = "keyboard"
version = "0.1.0"
dependencies = [
 "anyos_std",
 "dynlink",
 "libanyui_client",
]

[[package]]
name = "kill"
version = "0.1.0"
dependencies = [
 "anyos_std",
]

[[package]]
name = "killall"
version = "0.1.0"
dependencies = [
 "anyos_std",
]

[[package]]
name = "kstress"
version = "0.1.0"
dependencies = [
 "anyos_std",
]

[[package]]
name = "libami"
version = "0.1.0"
dependencies = [
 "libsyscall",
]

[[package]]
name = "libanyui_client"
version = "0.1.0"
dependencies = [
 "anyos_std",
 "dynlink",
 "libfont_client",
 "libimage_client",
]

[[package]]
name = "libavm"
version = "0.1.0"
dependencies = [
 "libsyscall",
]

[[package]]
name = "libc"
version = "0.2.184"
source = "registry+https://github.com/rust-lang/crates.io-index"
checksum = "48f5d2a454e16a5ea0f4ced81bd44e4cfc7bd3a507b61887c99fd3538b28e4af"

[[package]]
name = "libcompositor_client"
version = "0.1.0"

[[package]]
name = "libconf"
version = "0.1.0"
dependencies = [
 "anyos_std",
 "libsyscall",
]

[[package]]
name = "libconf_schema"
version = "0.1.0"
dependencies = [
 "libconf",
]

[[package]]
name = "libcorefs-tools"
version = "0.1.0"
dependencies = [
 "anyos_std",
 "corefs-core",
]

[[package]]
name = "libcorevm_client"
version = "0.1.0"
dependencies = [
 "anyos_std",
 "dynlink",
]

[[package]]
name = "libdb_client"
version = "0.1.0"
dependencies = [
 "anyos_std",
 "dynlink",
]

[[package]]
name = "libdns"
version = "0.1.0"
dependencies = [
 "libsyscall",
]

[[package]]
name = "libfont_client"
version = "0.1.0"
dependencies = [
 "anyos_std",
 "dynlink",
]

[[package]]
name = "libgit"
version = "0.1.0"
dependencies = [
 "anyos_std",
 "dynlink",
 "libhttp_client",
 "libstd",
 "libtls",
]

[[package]]
name = "libgl_client"
version = "0.1.0"
dependencies = [
 "anyos_std",
 "dynlink",
]

[[package]]
name = "libheap"
version = "0.1.0"

[[package]]
name = "libhttp_client"
version = "0.1.0"
dependencies = [
 "anyos_std",
 "dynlink",
]

[[package]]
name = "libimage_client"
version = "0.1.0"

[[package]]
name = "libini_client"
version = "0.1.0"
dependencies = [
 "anyos_std",
 "dynlink",
]

[[package]]
name = "libinstall"
version = "0.1.0"
dependencies = [
 "anyos_std",
 "libzip_client",
]

[[package]]
name = "libjs"
version = "0.1.0"
dependencies = [
 "anyos_std",
]

[[package]]
name = "libphysics_client"
version = "0.1.0"
dependencies = [
 "anyos_std",
 "dynlink",
]

[[package]]
name = "librender_client"
version = "0.1.0"

[[package]]
name = "libshellcommon"
version = "0.1.0"
dependencies = [
 "anyos_std",
]

[[package]]
name = "libstd"
version = "0.1.0"
dependencies = [
 "anyos_std",
]

[[package]]
name = "libsvc"
version = "0.1.0"
dependencies = [
 "libami",
 "libsyscall",
]

[[package]]
name = "libsvg_client"
version = "0.1.0"
dependencies = [
 "dynlink",
]

[[package]]
name = "libsyscall"
version = "0.1.0"

[[package]]
name = "libtls"
version = "0.1.0"
dependencies = [
 "rcgen",
 "rustls",
]

[[package]]
name = "libwebview"
version = "0.1.0"
dependencies = [
 "anyos_std",
 "libanyui_client",
 "libdns",
 "libfont_client",
 "libjs",
]

[[package]]
name = "libzip_client"
version = "0.1.0"
dependencies = [
 "anyos_std",
 "dynlink",
]

[[package]]
name = "listgroups"
version = "0.1.0"
dependencies = [
 "anyos_std",
]

[[package]]
name = "listuser"
version = "0.1.0"
dependencies = [
 "anyos_std",
]

[[package]]
name = "ln"
version = "0.1.0"
dependencies = [
 "anyos_std",
]

[[package]]
name = "log"
version = "0.4.29"
source = "registry+https://github.com/rust-lang/crates.io-index"
checksum = "5e5032e24019045c762d3c0f28f5b6b8bbf38563a65908389bf7978758920897"

[[package]]
name = "logd"
version = "0.1.0"
dependencies = [
 "anyos_std",
 "libconf_schema",
 "libsvc",
]

[[package]]
name = "login"
version = "0.1.0"
dependencies = [
 "anyos_std",
 "dynlink",
 "libanyui_client",
 "libconf_schema",
 "libimage_client",
]

[[package]]
name = "ls"
version = "0.1.0"
dependencies = [
 "anyos_std",
]

[[package]]
name = "mdview"
version = "0.1.0"
dependencies = [
 "anyos_std",
 "dynlink",
 "libanyui_client",
]

[[package]]
name = "minesweeper"
version = "0.1.0"
dependencies = [
 "anyos_std",
 "dynlink",
 "libanyui_client",
]

[[package]]
name = "mkdir"
version = "0.1.0"
dependencies = [
 "anyos_std",
]

[[package]]
name = "mkfs_corefs"
version = "0.1.0"
dependencies = [
 "anyos_std",
 "corefs-core",
 "libcorefs-tools",
]

[[package]]
name = "mode"
version = "0.1.0"
dependencies = [
 "anyos_std",
]

[[package]]
name = "more"
version = "0.1.0"
dependencies = [
 "anyos_std",
]

[[package]]
name = "mount"
version = "0.1.0"
dependencies = [
 "anyos_std",
]

[[package]]
name = "mv"
version = "0.1.0"
dependencies = [
 "anyos_std",
]

[[package]]
name = "nano"
version = "0.1.0"
dependencies = [
 "anyos_std",
]

[[package]]
name = "neofetch"
version = "0.1.0"
dependencies = [
 "anyos_std",
]

[[package]]
name = "netmon"
version = "0.1.0"
dependencies = [
 "anyos_std",
 "dynlink",
 "libcompositor_client",
 "libfont_client",
 "librender_client",
]

[[package]]
name = "netstat"
version = "0.1.0"
dependencies = [
 "anyos_std",
]

[[package]]
name = "networkd"
version = "0.1.0"
dependencies = [
 "anyos_std",
 "libconf_schema",
 "libdns",
 "libsvc",
]

[[package]]
name = "nice"
version = "0.1.0"
dependencies = [
 "anyos_std",
]

[[package]]
name = "notepad"
version = "0.1.0"
dependencies = [
 "anyos_std",
 "dynlink",
 "libanyui_client",
]

[[package]]
name = "notifications"
version = "0.1.0"
dependencies = [
 "anyos_std",
 "dynlink",
 "libanyui_client",
]

[[package]]
name = "notifyd"
version = "0.1.0"
dependencies = [
 "anyos_std",
 "dynlink",
 "libanyui_client",
]

[[package]]
name = "ntp"
version = "0.1.0"
dependencies = [
 "anyos_std",
]

[[package]]
name = "ntpd"
version = "0.1.0"
dependencies = [
 "anyos_std",
 "libconf_schema",
]

[[package]]
name = "num-conv"
version = "0.2.1"
source = "registry+https://github.com/rust-lang/crates.io-index"
checksum = "c6673768db2d862beb9b39a78fdcb1a69439615d5794a1be50caa9bc92c81967"

[[package]]
name = "nvi"
version = "0.1.0"
dependencies = [
 "anyos_std",
]

[[package]]
name = "once_cell"
version = "1.21.4"
source = "registry+https://github.com/rust-lang/crates.io-index"
checksum = "9f7c3e4beb33f85d45ae3e3a1792185706c8e16d043238c593331cc7cd313b50"

[[package]]
name = "opaque-debug"
version = "0.3.1"
source = "registry+https://github.com/rust-lang/crates.io-index"
checksum = "c08d65885ee38876c4f86fa503fb49d7b507c2b62552df7c70b2fce627e06381"

[[package]]
name = "open"
version = "0.1.0"
dependencies = [
 "anyos_std",
]

[[package]]
name = "paint"
version = "0.1.0"
dependencies = [
 "anyos_std",
 "dynlink",
 "libanyui_client",
 "libimage_client",
]

[[package]]
name = "passwd"
version = "0.1.0"
dependencies = [
 "anyos_std",
]

[[package]]
name = "pem"
version = "3.0.6"
source = "registry+https://github.com/rust-lang/crates.io-index"
checksum = "1d30c53c26bc5b31a98cd02d20f25a7c8567146caf63ed593a9d87b2775291be"
dependencies = [
 "base64 0.22.1",
 "serde_core",
]

[[package]]
name = "permdialog"
version = "0.1.0"
dependencies = [
 "anyos_std",
 "dynlink",
 "libanyui_client",
]

[[package]]
name = "ping"
version = "0.1.0"
dependencies = [
 "anyos_std",
]

[[package]]
name = "pipes"
version = "0.1.0"
dependencies = [
 "anyos_std",
]

[[package]]
name = "play"
version = "0.1.0"
dependencies = [
 "anyos_std",
]

[[package]]
name = "poly1305"
version = "0.8.0"
source = "registry+https://github.com/rust-lang/crates.io-index"
checksum = "8159bd90725d2df49889a078b54f4f79e87f1f8a8444194cdca81d38f5393abf"
dependencies = [
 "cpufeatures",
 "opaque-debug",
 "universal-hash",
]

[[package]]
name = "powerfmt"
version = "0.2.0"
source = "registry+https://github.com/rust-lang/crates.io-index"
checksum = "439ee305def115ba05938db6eb1644ff94165c5ab5e9420d1c1bcedbba909391"

[[package]]
name = "proc-macro2"
version = "1.0.106"
source = "registry+https://github.com/rust-lang/crates.io-index"
checksum = "8fd00f0bb2e90d81d1044c2b32617f68fcb9fa3bb7640c23e9c748e53fb30934"
dependencies = [
 "unicode-ident",
]

[[package]]
name = "ps"
version = "0.1.0"
dependencies = [
 "anyos_std",
]

[[package]]
name = "pwd"
version = "0.1.0"
dependencies = [
 "anyos_std",
]

[[package]]
name = "quote"
version = "1.0.45"
source = "registry+https://github.com/rust-lang/crates.io-index"
checksum = "41f2619966050689382d2b44f664f4bc593e129785a36d6ee376ddf37259b924"
dependencies = [
 "proc-macro2",
]

[[package]]
name = "r-efi"
version = "5.3.0"
source = "registry+https://github.com/rust-lang/crates.io-index"
checksum = "69cdb34c158ceb288df11e18b4bd39de994f6657d83847bdffdbd7f346754b0f"

[[package]]
name = "rcgen"
version = "0.13.2"
source = "registry+https://github.com/rust-lang/crates.io-index"
checksum = "75e669e5202259b5314d1ea5397316ad400819437857b90861765f24c4cf80a2"
dependencies = [
 "pem",
 "ring",
 "rustls-pki-types",
 "time",
 "yasna",
]

[[package]]
name = "readlink"
version = "0.1.0"
dependencies = [
 "anyos_std",
]

[[package]]
name = "reboot"
version = "0.1.0"
dependencies = [
 "anyos_std",
]

[[package]]
name = "rev"
version = "0.1.0"
dependencies = [
 "anyos_std",
]

[[package]]
name = "ring"
version = "0.17.14"
source = "registry+https://github.com/rust-lang/crates.io-index"
checksum = "a4689e6c2294d81e88dc6261c768b63bc4fcdb852be6d1352498b114f61383b7"
dependencies = [
 "cc",
 "cfg-if",
 "getrandom 0.2.17",
 "libc",
 "untrusted",
 "windows-sys",
]

[[package]]
name = "rm"
version = "0.1.0"
dependencies = [
 "anyos_std",
]

[[package]]
name = "route"
version = "0.1.0"
dependencies = [
 "anyos_std",
]

[[package]]
name = "runner"
version = "0.1.0"
dependencies = [
 "anyos_std",
 "dynlink",
 "libanyui_client",
 "libimage_client",
]

[[package]]
name = "rustls"
version = "0.23.37"
source = "registry+https://github.com/rust-lang/crates.io-index"
checksum = "758025cb5fccfd3bc2fd74708fd4682be41d99e5dff73c377c0646c6012c73a4"
dependencies = [
 "aws-lc-rs",
 "log",
 "once_cell",
 "rustls-pki-types",
 "rustls-webpki",
 "subtle",
 "zeroize",
]

[[package]]
name = "rustls-pki-types"
version = "1.14.0"
source = "registry+https://github.com/rust-lang/crates.io-index"
checksum = "be040f8b0a225e40375822a563fa9524378b9d63112f53e19ffff34df5d33fdd"
dependencies = [
 "zeroize",
]

[[package]]
name = "rustls-webpki"
version = "0.103.10"
source = "registry+https://github.com/rust-lang/crates.io-index"
checksum = "df33b2b81ac578cabaf06b89b0631153a3f416b0a886e8a7a1707fb51abbd1ef"
dependencies = [
 "aws-lc-rs",
 "ring",
 "rustls-pki-types",
 "untrusted",
]

[[package]]
name = "scp"
version = "0.1.0"

[[package]]
name = "screenshot"
version = "0.1.0"
dependencies = [
 "anyos_std",
]

[[package]]
name = "sdel"
version = "0.1.0"
dependencies = [
 "anyos_std",
]

[[package]]
name = "searchd"
version = "0.1.0"
dependencies = [
 "anyos_std",
 "libconf_schema",
 "libdb_client",
]

[[package]]
name = "sed"
version = "0.1.0"
dependencies = [
 "anyos_std",
]

[[package]]
name = "seq"
version = "0.1.0"
dependencies = [
 "anyos_std",
]

[[package]]
name = "serde"
version = "1.0.228"
source = "registry+https://github.com/rust-lang/crates.io-index"
checksum = "9a8e94ea7f378bd32cbbd37198a4a91436180c5bb472411e48b5ec2e2124ae9e"
dependencies = [
 "serde_core",
 "serde_derive",
]

[[package]]
name = "serde_core"
version = "1.0.228"
source = "registry+https://github.com/rust-lang/crates.io-index"
checksum = "41d385c7d4ca58e59fc732af25c3983b67ac852c1a25000afe1175de458b67ad"
dependencies = [
 "serde_derive",
]

[[package]]
name = "serde_derive"
version = "1.0.228"
source = "registry+https://github.com/rust-lang/crates.io-index"
checksum = "d540f220d3187173da220f885ab66608367b6574e925011a9353e4badda91d79"
dependencies = [
 "proc-macro2",
 "quote",
 "syn",
]

[[package]]
name = "servicemanager"
version = "0.1.0"
dependencies = [
 "anyos_std",
 "dynlink",
 "libami",
 "libanyui_client",
 "libconf",
]

[[package]]
name = "set"
version = "0.1.0"
dependencies = [
 "anyos_std",
]

[[package]]
name = "settings"
version = "0.1.0"
dependencies = [
 "anyos_std",
 "dynlink",
 "libanyui_client",
 "libconf_schema",
 "libimage_client",
]

[[package]]
name = "sget"
version = "0.1.0"
dependencies = [
 "anyos_std",
]

[[package]]
name = "shell"
version = "0.1.0"
dependencies = [
 "anyos_std",
 "libshellcommon",
]

[[package]]
name = "shlex"
version = "1.3.0"
source = "registry+https://github.com/rust-lang/crates.io-index"
checksum = "0fda2ff0d084019ba4d7c6f371c95d8fd75ce3524c3cb8fb653a3023f6323e64"

[[package]]
name = "sleep"
version = "0.1.0"
dependencies = [
 "anyos_std",
]

[[package]]
name = "sort"
version = "0.1.0"
dependencies = [
 "anyos_std",
]

[[package]]
name = "speedtest"
version = "0.1.0"
dependencies = [
 "anyos_std",
 "dynlink",
 "libhttp_client",
]

[[package]]
name = "sstore"
version = "0.1.0"
dependencies = [
 "anyos_std",
]

[[package]]
name = "stat"
version = "0.1.0"
dependencies = [
 "anyos_std",
]

[[package]]
name = "store"
version = "0.1.0"
dependencies = [
 "anyos_std",
 "dynlink",
 "libanyui_client",
 "libhttp_client",
]

[[package]]
name = "strings"
version = "0.1.0"
dependencies = [
 "anyos_std",
]

[[package]]
name = "su"
version = "0.1.0"
dependencies = [
 "anyos_std",
]

[[package]]
name = "subtle"
version = "2.6.1"
source = "registry+https://github.com/rust-lang/crates.io-index"
checksum = "13c2bddecc57b384dee18652358fb23172facb8a2c51ccc10d74c157bdea3292"

[[package]]
name = "sudo"
version = "0.1.0"
dependencies = [
 "anyos_std",
]

[[package]]
name = "surf"
version = "0.1.0"
dependencies = [
 "anyos_std",
 "libanyui_client",
 "libconf_schema",
 "libfont_client",
 "libimage_client",
 "libsvg_client",
 "libtls",
 "libwebview",
]

[[package]]
name = "svc"
version = "0.1.0"
dependencies = [
 "anyos_std",
 "libami",
 "libconf",
 "libconf_schema",
]

[[package]]
name = "syn"
version = "2.0.117"
source = "registry+https://github.com/rust-lang/crates.io-index"
checksum = "e665b8803e7b1d2a727f4023456bbbbe74da67099c585258af0ad9c5013b9b99"
dependencies = [
 "proc-macro2",
 "quote",
 "unicode-ident",
]

[[package]]
name = "sync"
version = "0.1.0"
dependencies = [
 "anyos_std",
]

[[package]]
name = "sysinfo"
version = "0.1.0"
dependencies = [
 "anyos_std",
]

[[package]]
name = "tail"
version = "0.1.0"
dependencies = [
 "anyos_std",
]

[[package]]
name = "tar"
version = "0.1.0"
dependencies = [
 "anyos_std",
 "dynlink",
 "libzip_client",
]

[[package]]
name = "taskmanager"
version = "0.1.0"
dependencies = [
 "anyos_std",
 "dynlink",
 "libanyui_client",
 "libimage_client",
]

[[package]]
name = "terminal"
version = "0.1.0"
dependencies = [
 "anyos_std",
 "dynlink",
 "libanyui_client",
 "libshellcommon",
]

[[package]]
name = "textmode_console"
version = "0.1.0"
dependencies = [
 "anyos_std",
 "libconf_schema",
]

[[package]]
name = "time"
version = "0.3.47"
source = "registry+https://github.com/rust-lang/crates.io-index"
checksum = "743bd48c283afc0388f9b8827b976905fb217ad9e647fae3a379a9283c4def2c"
dependencies = [
 "deranged",
 "num-conv",
 "powerfmt",
 "serde_core",
 "time-core",
]

[[package]]
name = "time-core"
version = "0.1.8"
source = "registry+https://github.com/rust-lang/crates.io-index"
checksum = "7694e1cfe791f8d31026952abf09c69ca6f6fa4e1a1229e18988f06a04a12dca"

[[package]]
name = "top"
version = "0.1.0"
dependencies = [
 "anyos_std",
]

[[package]]
name = "touch"
version = "0.1.0"
dependencies = [
 "anyos_std",
]

[[package]]
name = "true_cmd"
version = "0.1.0"
dependencies = [
 "anyos_std",
]

[[package]]
name = "typenum"
version = "1.19.0"
source = "registry+https://github.com/rust-lang/crates.io-index"
checksum = "562d481066bde0658276a35467c4af00bdc6ee726305698a55b86e61d7ad82bb"

[[package]]
name = "uictl"
version = "0.1.0"
dependencies = [
 "anyos_std",
]

[[package]]
name = "umount"
version = "0.1.0"
dependencies = [
 "anyos_std",
]

[[package]]
name = "uname"
version = "0.1.0"
dependencies = [
 "anyos_std",
]

[[package]]
name = "unicode-ident"
version = "1.0.24"
source = "registry+https://github.com/rust-lang/crates.io-index"
checksum = "e6e4313cd5fcd3dad5cafa179702e2b244f760991f45397d14d4ebf38247da75"

[[package]]
name = "uniq"
version = "0.1.0"
dependencies = [
 "anyos_std",
]

[[package]]
name = "universal-hash"
version = "0.5.1"
source = "registry+https://github.com/rust-lang/crates.io-index"
checksum = "fc1de2c688dc15305988b563c3854064043356019f97a4b46276fe734c4f07ea"
dependencies = [
 "crypto-common",
 "subtle",
]

[[package]]
name = "untrusted"
version = "0.9.0"
source = "registry+https://github.com/rust-lang/crates.io-index"
checksum = "8ecb6da28b8a351d773b68d5825ac39017e680750f980f3a1a85cd8dd28a47c1"

[[package]]
name = "unty"
version = "0.0.4"
source = "registry+https://github.com/rust-lang/crates.io-index"
checksum = "6d49784317cd0d1ee7ec5c716dd598ec5b4483ea832a2dced265471cc0f690ae"

[[package]]
name = "unzip"
version = "0.1.0"
dependencies = [
 "anyos_std",
 "dynlink",
 "libzip_client",
]

[[package]]
name = "updater"
version = "0.1.0"
dependencies = [
 "anyos_std",
 "dynlink",
 "libanyui_client",
 "libhttp_client",
 "libinstall",
 "libzip_client",
]

[[package]]
name = "uptime"
version = "0.1.0"
dependencies = [
 "anyos_std",
]

[[package]]
name = "vdagent"
version = "0.1.0"
dependencies = [
 "anyos_std",
 "libsvc",
]

[[package]]
name = "version_check"
version = "0.9.5"
source = "registry+https://github.com/rust-lang/crates.io-index"
checksum = "0b928f33d975fc6ad9f86c8f283853ad26bdd5b10b7f1542aa2fa15e2289105a"

[[package]]
name = "vi"
version = "0.1.0"
dependencies = [
 "anyos_std",
]

[[package]]
name = "videoplayer"
version = "0.1.0"
dependencies = [
 "anyos_std",
 "dynlink",
 "libanyui_client",
 "libimage_client",
]

[[package]]
name = "vmctl"
version = "0.1.0"
dependencies = [
 "anyos_std",
 "dynlink",
 "libcorevm_client",
]

[[package]]
name = "vmd"
version = "0.1.0"
dependencies = [
 "anyos_std",
 "dynlink",
 "libcorevm_client",
]

[[package]]
name = "vmmanager"
version = "0.1.0"
dependencies = [
 "anyos_std",
 "dynlink",
 "libanyui_client",
]

[[package]]
name = "vnc-settings"
version = "0.1.0"
dependencies = [
 "anyos_std",
 "dynlink",
 "libanyui_client",
 "libconf_schema",
]

[[package]]
name = "vncd"
version = "0.1.0"
dependencies = [
 "anyos_std",
 "libconf_schema",
 "libsvc",
]

[[package]]
name = "wasi"
version = "0.11.1+wasi-snapshot-preview1"
source = "registry+https://github.com/rust-lang/crates.io-index"
checksum = "ccf3ec651a847eb01de73ccad15eb7d99f80485de043efb2f370cd654f4ea44b"

[[package]]
name = "wasip2"
version = "1.0.2+wasi-0.2.9"
source = "registry+https://github.com/rust-lang/crates.io-index"
checksum = "9517f9239f02c069db75e65f174b3da828fe5f5b945c4dd26bd25d89c03ebcf5"
dependencies = [
 "wit-bindgen",
]

[[package]]
name = "wc"
version = "0.1.0"
dependencies = [
 "anyos_std",
]

[[package]]
name = "webmanager"
version = "0.1.0"
dependencies = [
 "anyos_std",
 "dynlink",
 "libanyui_client",
 "libconf",
]

[[package]]
name = "wget"
version = "0.1.0"
dependencies = [
 "anyos_std",
]

[[package]]
name = "which"
version = "0.1.0"
dependencies = [
 "anyos_std",
]

[[package]]
name = "whoami"
version = "0.1.0"
dependencies = [
 "anyos_std",
]

[[package]]
name = "wifi"
version = "0.1.0"
dependencies = [
 "anyos_std",
]

[[package]]
name = "wifimon"
version = "0.1.0"
dependencies = [
 "anyos_std",
 "dynlink",
 "libcompositor_client",
 "libconf_schema",
 "libfont_client",
 "librender_client",
]

[[package]]
name = "windows-sys"
version = "0.52.0"
source = "registry+https://github.com/rust-lang/crates.io-index"
checksum = "282be5f36a8ce781fad8c8ae18fa3f9beff57ec1b52cb3de0789201425d9a33d"
dependencies = [
 "windows-targets",
]

[[package]]
name = "windows-targets"
version = "0.52.6"
source = "registry+https://github.com/rust-lang/crates.io-index"
checksum = "9b724f72796e036ab90c1021d4780d4d3d648aca59e491e6b98e725b84e99973"
dependencies = [
 "windows_aarch64_gnullvm",
 "windows_aarch64_msvc",
 "windows_i686_gnu",
 "windows_i686_gnullvm",
 "windows_i686_msvc",
 "windows_x86_64_gnu",
 "windows_x86_64_gnullvm",
 "windows_x86_64_msvc",
]

[[package]]
name = "windows_aarch64_gnullvm"
version = "0.52.6"
source = "registry+https://github.com/rust-lang/crates.io-index"
checksum = "32a4622180e7a0ec044bb555404c800bc9fd9ec262ec147edd5989ccd0c02cd3"

[[package]]
name = "windows_aarch64_msvc"
version = "0.52.6"
source = "registry+https://github.com/rust-lang/crates.io-index"
checksum = "09ec2a7bb152e2252b53fa7803150007879548bc709c039df7627cabbd05d469"

[[package]]
name = "windows_i686_gnu"
version = "0.52.6"
source = "registry+https://github.com/rust-lang/crates.io-index"
checksum = "8e9b5ad5ab802e97eb8e295ac6720e509ee4c243f69d781394014ebfe8bbfa0b"

[[package]]
name = "windows_i686_gnullvm"
version = "0.52.6"
source = "registry+https://github.com/rust-lang/crates.io-index"
checksum = "0eee52d38c090b3caa76c563b86c3a4bd71ef1a819287c19d586d7334ae8ed66"

[[package]]
name = "windows_i686_msvc"
version = "0.52.6"
source = "registry+https://github.com/rust-lang/crates.io-index"
checksum = "240948bc05c5e7c6dabba28bf89d89ffce3e303022809e73deaefe4f6ec56c66"

[[package]]
name = "windows_x86_64_gnu"
version = "0.52.6"
source = "registry+https://github.com/rust-lang/crates.io-index"
checksum = "147a5c80aabfbf0c7d901cb5895d1de30ef2907eb21fbbab29ca94c5b08b1a78"

[[package]]
name = "windows_x86_64_gnullvm"
version = "0.52.6"
source = "registry+https://github.com/rust-lang/crates.io-index"
checksum = "24d5b23dc417412679681396f2b49f3de8c1473deb516bd34410872eff51ed0d"

[[package]]
name = "windows_x86_64_msvc"
version = "0.52.6"
source = "registry+https://github.com/rust-lang/crates.io-index"
checksum = "589f6da84c646204747d1270a2a5661ea66ed1cced2631d546fdfb155959f9ec"

[[package]]
name = "wit-bindgen"
version = "0.51.0"
source = "registry+https://github.com/rust-lang/crates.io-index"
checksum = "d7249219f66ced02969388cf2bb044a09756a083d0fab1e566056b04d9fbcaa5"

[[package]]
name = "xargs"
version = "0.1.0"
dependencies = [
 "anyos_std",
]

[[package]]
name = "xxd"
version = "0.1.0"
dependencies = [
 "anyos_std",
]

[[package]]
name = "yasna"
version = "0.5.2"
source = "registry+https://github.com/rust-lang/crates.io-index"
checksum = "e17bb3549cc1321ae1296b9cdc2698e2b6cb1992adfa19a8c72e5b7a738f44cd"
dependencies = [
 "time",
]

[[package]]
name = "yes"
version = "0.1.0"
dependencies = [
 "anyos_std",
]

[[package]]
name = "zerocopy"
version = "0.8.48"
source = "registry+https://github.com/rust-lang/crates.io-index"
checksum = "eed437bf9d6692032087e337407a86f04cd8d6a16a37199ed57949d415bd68e9"
dependencies = [
 "zerocopy-derive",
]

[[package]]
name = "zerocopy-derive"
version = "0.8.48"
source = "registry+https://github.com/rust-lang/crates.io-index"
checksum = "70e3cd084b1788766f53af483dd21f93881ff30d7320490ec3ef7526d203bad4"
dependencies = [
 "proc-macro2",
 "quote",
 "syn",
]

[[package]]
name = "zeroize"
version = "1.8.2"
source = "registry+https://github.com/rust-lang/crates.io-index"
checksum = "b97154e67e32c85465826e8bcc1c59429aaaf107c1e4a9e53c8d8ccd5eff88d0"

[[package]]
name = "zip"
version = "0.1.0"
dependencies = [
 "anyos_std",
 "dynlink",
 "libzip_client",
]
