# This file is automatically @generated by Cargo.
# It is not intended for manual editing.
version = 4

[[package]]
name = "anyos_std"
version = "0.1.0"

[[package]]
name = "libcompositor_client"
version = "0.1.0"

[[package]]
name = "libimage_client"
version = "0.1.0"

[[package]]
name = "surf"
version = "0.1.0"
dependencies = [
 "anyos_std",
 "libcompositor_client",
 "libimage_client",
 "uisys_client",
]

[[package]]
name = "uisys_client"
version = "0.1.0"
dependencies = [
 "anyos_std",
 "libimage_client",
]
