# This file is automatically @generated by ccargo.
# It is not intended for manual editing.
version = 3

[[package]]
name = "ahash"
version = "0.8.12"
source = "registry+https://github.com/rust-lang/crates.io-index"
dependencies = [
 "cfg-if",
 "zerocopy",
]

[[package]]
name = "anyos_kernel"
version = "0.1.0"
dependencies = [
 "corefs-core",
 "bincode",
 "serde",
 "corefs-fuse-proto",
 "anyos_std",
]

[[package]]
name = "anyos_std"
version = "0.1.0"
dependencies = [
 "libheap",
]

[[package]]
name = "bincode"
version = "2.0.1"
source = "registry+https://github.com/rust-lang/crates.io-index"
dependencies = [
 "unty",
 "serde",
]

[[package]]
name = "cfg-if"
version = "1.0.4"
source = "registry+https://github.com/rust-lang/crates.io-index"

[[package]]
name = "corefs-core"
version = "0.1.0"
dependencies = [
 "bincode",
 "serde",
 "hashbrown",
]

[[package]]
name = "corefs-fuse-proto"
version = "0.1.19"
dependencies = [
 "bincode",
 "serde",
]

[[package]]
name = "hashbrown"
version = "0.14.5"
source = "registry+https://github.com/rust-lang/crates.io-index"
dependencies = [
 "serde",
 "ahash",
]

[[package]]
name = "libheap"
version = "0.1.0"

[[package]]
name = "proc-macro2"
version = "1.0.106"
source = "registry+https://github.com/rust-lang/crates.io-index"
dependencies = [
 "unicode-ident",
]

[[package]]
name = "quote"
version = "1.0.45"
source = "registry+https://github.com/rust-lang/crates.io-index"
dependencies = [
 "proc-macro2",
]

[[package]]
name = "serde"
version = "1.0.228"
source = "registry+https://github.com/rust-lang/crates.io-index"
dependencies = [
 "serde_core",
 "serde_derive",
]

[[package]]
name = "serde_core"
version = "1.0.228"
source = "registry+https://github.com/rust-lang/crates.io-index"

[[package]]
name = "serde_derive"
version = "1.0.228"
source = "registry+https://github.com/rust-lang/crates.io-index"
dependencies = [
 "syn",
 "quote",
 "proc-macro2",
]

[[package]]
name = "syn"
version = "2.0.117"
source = "registry+https://github.com/rust-lang/crates.io-index"
dependencies = [
 "unicode-ident",
 "proc-macro2",
]

[[package]]
name = "unicode-ident"
version = "1.0.24"
source = "registry+https://github.com/rust-lang/crates.io-index"

[[package]]
name = "unty"
version = "0.0.4"
source = "registry+https://github.com/rust-lang/crates.io-index"

[[package]]
name = "zerocopy"
version = "0.8.48"
source = "registry+https://github.com/rust-lang/crates.io-index"
