# This file is automatically @generated by Cargo.
# It is not intended for manual editing.
version = 4

[[package]]
name = "anyos_std"
version = "0.1.0"
dependencies = [
 "libheap",
]

[[package]]
name = "dynlink"
version = "0.1.0"
dependencies = [
 "anyos_std",
]

[[package]]
name = "finder"
version = "0.1.0"
dependencies = [
 "anyos_std",
 "libanyui_client",
 "libimage_client",
]

[[package]]
name = "libanyui_client"
version = "0.1.0"
dependencies = [
 "anyos_std",
 "dynlink",
 "libimage_client",
]

[[package]]
name = "libheap"
version = "0.1.0"

[[package]]
name = "libimage_client"
version = "0.1.0"
