# This file is automatically @generated by Cargo.
# It is not intended for manual editing.
version = 4

[[package]]
name = "acargo"
version = "0.1.0"
dependencies = [
 "anyos_std",
 "anyrc",
 "dynlink",
 "libhttp_client",
 "libzip_client",
]

[[package]]
name = "acargo-hosttests"
version = "0.1.0"
dependencies = [
 "acargo",
]

[[package]]
name = "anyos_std"
version = "0.1.0"
dependencies = [
 "libheap",
]

[[package]]
name = "anyrc"
version = "0.1.0"
dependencies = [
 "anyos_std",
]

[[package]]
name = "dynlink"
version = "0.1.0"
dependencies = [
 "anyos_std",
]

[[package]]
name = "libheap"
version = "0.1.0"

[[package]]
name = "libhttp_client"
version = "0.1.0"
dependencies = [
 "anyos_std",
 "dynlink",
]

[[package]]
name = "libzip_client"
version = "0.1.0"
dependencies = [
 "anyos_std",
 "dynlink",
]
